
Microsoft Visual Studio Solution File, Format Version 12.00
# Visual Studio 15
VisualStudioVersion = 15.0.27705.2000
MinimumVisualStudioVersion = 10.0.40219.1
Project("{FAE04EC0-301F-11D3-BF4B-00C04F79EFBC}") = "Blogger2Ghost", "Blogger2Ghost\Blogger2Ghost.csproj", "{FE7F1725-C55B-48EC-983B-4EF09B78E86F}"
EndProject
Project("{2150E333-8FDC-42A3-9474-1A3956D46DE8}") = "Solution Items", "Solution Items", "{B3850EE8-6F1E-436F-8D3C-2DBBC456B99E}"
	ProjectSection(SolutionItems) = preProject
		readme.md = readme.md
	EndProjectSection
EndProject
Global
	GlobalSection(SolutionConfigurationPlatforms) = preSolution
		Debug|Any CPU = Debug|Any CPU
		Release|Any CPU = Release|Any CPU
	EndGlobalSection
	GlobalSection(ProjectConfigurationPlatforms) = postSolution
		{FE7F1725-C55B-48EC-983B-4EF09B78E86F}.Debug|Any CPU.ActiveCfg = Debug|Any CPU
		{FE7F1725-C55B-48EC-983B-4EF09B78E86F}.Debug|Any CPU.Build.0 = Debug|Any CPU
		{FE7F1725-C55B-48EC-983B-4EF09B78E86F}.Release|Any CPU.ActiveCfg = Release|Any CPU
		{FE7F1725-C55B-48EC-983B-4EF09B78E86F}.Release|Any CPU.Build.0 = Release|Any CPU
	EndGlobalSection
	GlobalSection(SolutionProperties) = preSolution
		HideSolutionNode = FALSE
	EndGlobalSection
	GlobalSection(ExtensibilityGlobals) = postSolution
		SolutionGuid = {6779FA94-9E68-4CD6-A5C0-905650BFFFDA}
	EndGlobalSection
EndGlobal
